
Microsoft Visual Studio Solution File, Format Version 12.00
# Visual Studio Version 17
VisualStudioVersion = 17.5.33424.131
MinimumVisualStudioVersion = 10.0.40219.1
Project("{FAE04EC0-301F-11D3-BF4B-00C04F79EFBC}") = "Demouni", "Demouni\Demouni.csproj", "{AED1F891-2D74-4A5F-96E5-126D45762636}"
EndProject
Global
	GlobalSection(SolutionConfigurationPlatforms) = preSolution
		Debug|Any CPU = Debug|Any CPU
		Release|Any CPU = Release|Any CPU
	EndGlobalSection
	GlobalSection(ProjectConfigurationPlatforms) = postSolution
		{AED1F891-2D74-4A5F-96E5-126D45762636}.Debug|Any CPU.ActiveCfg = Debug|Any CPU
		{AED1F891-2D74-4A5F-96E5-126D45762636}.Debug|Any CPU.Build.0 = Debug|Any CPU
		{AED1F891-2D74-4A5F-96E5-126D45762636}.Release|Any CPU.ActiveCfg = Release|Any CPU
		{AED1F891-2D74-4A5F-96E5-126D45762636}.Release|Any CPU.Build.0 = Release|Any CPU
	EndGlobalSection
	GlobalSection(SolutionProperties) = preSolution
		HideSolutionNode = FALSE
	EndGlobalSection
	GlobalSection(ExtensibilityGlobals) = postSolution
		SolutionGuid = {6490EA19-867E-4EF8-81DC-7E7DB60457C3}
	EndGlobalSection
EndGlobal
